PODS:
  - Nimble (8.0.7)
  - SwiftyFormat (0.2.0)

DEPENDENCIES:
  - Nimble
  - SwiftyFormat (from `../`)

SPEC REPOS:
  trunk:
    - Nimble

EXTERNAL SOURCES:
  SwiftyFormat:
    :path: "../"

SPEC CHECKSUMS:
  Nimble: a73af6ecd4c9106f434f3d55fc54570be3739e0b
  SwiftyFormat: fd8b9bf6c2c32b3c574b832f916816b49f2a2cb8

PODFILE CHECKSUM: 4f1c7e5b8f54b6074faa56b6702d917546616b81

COCOAPODS: 1.9.1
