PODS:
  - Nimble (5.1.1)
  - SwiftyFormat (0.1.0)

DEPENDENCIES:
  - Nimble (~> 5.0)
  - SwiftyFormat (from `../`)

EXTERNAL SOURCES:
  SwiftyFormat:
    :path: ../

SPEC CHECKSUMS:
  Nimble: 415e3aa3267e7bc2c96b05fa814ddea7bb686a29
  SwiftyFormat: 300acd0a59eafffb74cbb77024eba9dd73c424e3

PODFILE CHECKSUM: 610a95d5ca1316a1f001bd2302345aa63d96c5ad

COCOAPODS: 1.1.1
